
Microsoft Visual Studio Solution File, Format Version 12.00
# Visual Studio Version 17
VisualStudioVersion = 17.9.34622.214
MinimumVisualStudioVersion = 10.0.40219.1
Project("{FAE04EC0-301F-11D3-BF4B-00C04F79EFBC}") = "IdentityService", "src\Services\IdentityService\IdentityService.csproj", "{D16887D7-FE75-4A45-A898-8BD5CED30D23}"
EndProject
Project("{FAE04EC0-301F-11D3-BF4B-00C04F79EFBC}") = "StudentService", "src\Services\StudentService\StudentService.csproj", "{E376C66D-95D9-4A6C-9D7D-4B2F3D2491A5}"
EndProject
Global
	GlobalSection(SolutionConfigurationPlatforms) = preSolution
		Debug|Any CPU = Debug|Any CPU
		Release|Any CPU = Release|Any CPU
	EndGlobalSection
	GlobalSection(ProjectConfigurationPlatforms) = postSolution
		{D16887D7-FE75-4A45-A898-8BD5CED30D23}.Debug|Any CPU.ActiveCfg = Debug|Any CPU
		{D16887D7-FE75-4A45-A898-8BD5CED30D23}.Debug|Any CPU.Build.0 = Debug|Any CPU
		{D16887D7-FE75-4A45-A898-8BD5CED30D23}.Release|Any CPU.ActiveCfg = Release|Any CPU
		{D16887D7-FE75-4A45-A898-8BD5CED30D23}.Release|Any CPU.Build.0 = Release|Any CPU
		{E376C66D-95D9-4A6C-9D7D-4B2F3D2491A5}.Debug|Any CPU.ActiveCfg = Debug|Any CPU
		{E376C66D-95D9-4A6C-9D7D-4B2F3D2491A5}.Debug|Any CPU.Build.0 = Debug|Any CPU
		{E376C66D-95D9-4A6C-9D7D-4B2F3D2491A5}.Release|Any CPU.ActiveCfg = Release|Any CPU
		{E376C66D-95D9-4A6C-9D7D-4B2F3D2491A5}.Release|Any CPU.Build.0 = Release|Any CPU
	EndGlobalSection
	GlobalSection(SolutionProperties) = preSolution
		HideSolutionNode = FALSE
	EndGlobalSection
	GlobalSection(ExtensibilityGlobals) = postSolution
		SolutionGuid = {8BE9F35A-002B-4B8B-825E-D593823C245D}
	EndGlobalSection
EndGlobal
